// !$*UTF8*$!
{
	archiveVersion = 1;
	classes = {
	};
	objectVersion = 50;
	objects = {

/* Begin PBXBuildFile section */
		1AE94CC724B62A2800EF2F23 /* EventStoreManager.swift in Sources */ = {isa = PBXBuildFile; fileRef = 1AE94CC624B62A2800EF2F23 /* EventStoreManager.swift */; };
		790A31B924B8497300AA5AF4 /* EventView.swift in Sources */ = {isa = PBXBuildFile; fileRef = 790A31B824B8497300AA5AF4 /* EventView.swift */; };
		790A31BC24B84CD600AA5AF4 /* Event.swift in Sources */ = {isa = PBXBuildFile; fileRef = 790A31BB24B84CD600AA5AF4 /* Event.swift */; };
		79D57D8424B38BFC00BE9FAD /* AppDelegate.swift in Sources */ = {isa = PBXBuildFile; fileRef = 79D57D8324B38BFC00BE9FAD /* AppDelegate.swift */; };
		79D57D8624B38BFC00BE9FAD /* SceneDelegate.swift in Sources */ = {isa = PBXBuildFile; fileRef = 79D57D8524B38BFC00BE9FAD /* SceneDelegate.swift */; };
		79D57D8824B38BFC00BE9FAD /* ContentView.swift in Sources */ = {isa = PBXBuildFile; fileRef = 79D57D8724B38BFC00BE9FAD /* ContentView.swift */; };
		79D57D8A24B38BFD00BE9FAD /* Assets.xcassets in Resources */ = {isa = PBXBuildFile; fileRef = 79D57D8924B38BFD00BE9FAD /* Assets.xcassets */; };
		79D57D8D24B38BFD00BE9FAD /* Preview Assets.xcassets in Resources */ = {isa = PBXBuildFile; fileRef = 79D57D8C24B38BFD00BE9FAD /* Preview Assets.xcassets */; };
		79D57D9024B38BFD00BE9FAD /* LaunchScreen.storyboard in Resources */ = {isa = PBXBuildFile; fileRef = 79D57D8E24B38BFD00BE9FAD /* LaunchScreen.storyboard */; };
/* End PBXBuildFile section */

/* Begin PBXFileReference section */
		1AE94CC624B62A2800EF2F23 /* EventStoreManager.swift */ = {isa = PBXFileReference; lastKnownFileType = sourcecode.swift; path = EventStoreManager.swift; sourceTree = "<group>"; };
		790A31B824B8497300AA5AF4 /* EventView.swift */ = {isa = PBXFileReference; lastKnownFileType = sourcecode.swift; path = EventView.swift; sourceTree = "<group>"; };
		790A31BB24B84CD600AA5AF4 /* Event.swift */ = {isa = PBXFileReference; lastKnownFileType = sourcecode.swift; path = Event.swift; sourceTree = "<group>"; };
		79D57D8024B38BFC00BE9FAD /* Balance.app */ = {isa = PBXFileReference; explicitFileType = wrapper.application; includeInIndex = 0; path = Balance.app; sourceTree = BUILT_PRODUCTS_DIR; };
		79D57D8324B38BFC00BE9FAD /* AppDelegate.swift */ = {isa = PBXFileReference; lastKnownFileType = sourcecode.swift; path = AppDelegate.swift; sourceTree = "<group>"; };
		79D57D8524B38BFC00BE9FAD /* SceneDelegate.swift */ = {isa = PBXFileReference; lastKnownFileType = sourcecode.swift; path = SceneDelegate.swift; sourceTree = "<group>"; };
		79D57D8724B38BFC00BE9FAD /* ContentView.swift */ = {isa = PBXFileReference; lastKnownFileType = sourcecode.swift; path = ContentView.swift; sourceTree = "<group>"; };
		79D57D8924B38BFD00BE9FAD /* Assets.xcassets */ = {isa = PBXFileReference; lastKnownFileType = folder.assetcatalog; path = Assets.xcassets; sourceTree = "<group>"; };
		79D57D8C24B38BFD00BE9FAD /* Preview Assets.xcassets */ = {isa = PBXFileReference; lastKnownFileType = folder.assetcatalog; path = "Preview Assets.xcassets"; sourceTree = "<group>"; };
		79D57D8F24B38BFD00BE9FAD /* Base */ = {isa = PBXFileReference; lastKnownFileType = file.storyboard; name = Base; path = Base.lproj/LaunchScreen.storyboard; sourceTree = "<group>"; };
		79D57D9124B38BFD00BE9FAD /* Info.plist */ = {isa = PBXFileReference; lastKnownFileType = text.plist.xml; path = Info.plist; sourceTree = "<group>"; };
/* End PBXFileReference section */

/* Begin PBXFrameworksBuildPhase section */
		79D57D7D24B38BFC00BE9FAD /* Frameworks */ = {
			isa = PBXFrameworksBuildPhase;
			buildActionMask = 2147483647;
			files = (
			);
			runOnlyForDeploymentPostprocessing = 0;
		};
/* End PBXFrameworksBuildPhase section */

/* Begin PBXGroup section */
		790A31B724B8494D00AA5AF4 /* Views */ = {
			isa = PBXGroup;
			children = (
				79D57D8724B38BFC00BE9FAD /* ContentView.swift */,
				790A31B824B8497300AA5AF4 /* EventView.swift */,
			);
			path = Views;
			sourceTree = "<group>";
		};
		790A31BA24B84CC800AA5AF4 /* Model */ = {
			isa = PBXGroup;
			children = (
				790A31BB24B84CD600AA5AF4 /* Event.swift */,
			);
			path = Model;
			sourceTree = "<group>";
		};
		79D57D7724B38BFC00BE9FAD = {
			isa = PBXGroup;
			children = (
				79D57D8224B38BFC00BE9FAD /* Balance */,
				79D57D8124B38BFC00BE9FAD /* Products */,
			);
			sourceTree = "<group>";
		};
		79D57D8124B38BFC00BE9FAD /* Products */ = {
			isa = PBXGroup;
			children = (
				79D57D8024B38BFC00BE9FAD /* Balance.app */,
			);
			name = Products;
			sourceTree = "<group>";
		};
		79D57D8224B38BFC00BE9FAD /* Balance */ = {
			isa = PBXGroup;
			children = (
				790A31BA24B84CC800AA5AF4 /* Model */,
				790A31B724B8494D00AA5AF4 /* Views */,
				79D57D8324B38BFC00BE9FAD /* AppDelegate.swift */,
				79D57D8524B38BFC00BE9FAD /* SceneDelegate.swift */,
				1AE94CC624B62A2800EF2F23 /* EventStoreManager.swift */,
				79D57D8924B38BFD00BE9FAD /* Assets.xcassets */,
				79D57D8E24B38BFD00BE9FAD /* LaunchScreen.storyboard */,
				79D57D9124B38BFD00BE9FAD /* Info.plist */,
				79D57D8B24B38BFD00BE9FAD /* Preview Content */,
			);
			path = Balance;
			sourceTree = "<group>";
		};
		79D57D8B24B38BFD00BE9FAD /* Preview Content */ = {
			isa = PBXGroup;
			children = (
				79D57D8C24B38BFD00BE9FAD /* Preview Assets.xcassets */,
			);
			path = "Preview Content";
			sourceTree = "<group>";
		};
/* End PBXGroup section */

/* Begin PBXNativeTarget section */
		79D57D7F24B38BFC00BE9FAD /* Balance */ = {
			isa = PBXNativeTarget;
			buildConfigurationList = 79D57D9424B38BFD00BE9FAD /* Build configuration list for PBXNativeTarget "Balance" */;
			buildPhases = (
				79D57D7C24B38BFC00BE9FAD /* Sources */,
				79D57D7D24B38BFC00BE9FAD /* Frameworks */,
				79D57D7E24B38BFC00BE9FAD /* Resources */,
			);
			buildRules = (
			);
			dependencies = (
			);
			name = Balance;
			productName = Balance;
			productReference = 79D57D8024B38BFC00BE9FAD /* Balance.app */;
			productType = "com.apple.product-type.application";
		};
/* End PBXNativeTarget section */

/* Begin PBXProject section */
		79D57D7824B38BFC00BE9FAD /* Project object */ = {
			isa = PBXProject;
			attributes = {
				LastSwiftUpdateCheck = 1130;
				LastUpgradeCheck = 1130;
				ORGANIZATIONNAME = hannah;
				TargetAttributes = {
					79D57D7F24B38BFC00BE9FAD = {
						CreatedOnToolsVersion = 11.3.1;
					};
				};
			};
			buildConfigurationList = 79D57D7B24B38BFC00BE9FAD /* Build configuration list for PBXProject "Balance" */;
			compatibilityVersion = "Xcode 9.3";
			developmentRegion = en;
			hasScannedForEncodings = 0;
			knownRegions = (
				en,
				Base,
			);
			mainGroup = 79D57D7724B38BFC00BE9FAD;
			productRefGroup = 79D57D8124B38BFC00BE9FAD /* Products */;
			projectDirPath = "";
			projectRoot = "";
			targets = (
				79D57D7F24B38BFC00BE9FAD /* Balance */,
			);
		};
/* End PBXProject section */

/* Begin PBXResourcesBuildPhase section */
		79D57D7E24B38BFC00BE9FAD /* Resources */ = {
			isa = PBXResourcesBuildPhase;
			buildActionMask = 2147483647;
			files = (
				79D57D9024B38BFD00BE9FAD /* LaunchScreen.storyboard in Resources */,
				79D57D8D24B38BFD00BE9FAD /* Preview Assets.xcassets in Resources */,
				79D57D8A24B38BFD00BE9FAD /* Assets.xcassets in Resources */,
			);
			runOnlyForDeploymentPostprocessing = 0;
		};
/* End PBXResourcesBuildPhase section */

/* Begin PBXSourcesBuildPhase section */
		79D57D7C24B38BFC00BE9FAD /* Sources */ = {
			isa = PBXSourcesBuildPhase;
			buildActionMask = 2147483647;
			files = (
				1AE94CC724B62A2800EF2F23 /* EventStoreManager.swift in Sources */,
				79D57D8424B38BFC00BE9FAD /* AppDelegate.swift in Sources */,
				79D57D8624B38BFC00BE9FAD /* SceneDelegate.swift in Sources */,
				79D57D8824B38BFC00BE9FAD /* ContentView.swift in Sources */,
				790A31BC24B84CD600AA5AF4 /* Event.swift in Sources */,
				790A31B924B8497300AA5AF4 /* EventView.swift in Sources */,
			);
			runOnlyForDeploymentPostprocessing = 0;
		};
/* End PBXSourcesBuildPhase section */

/* Begin PBXVariantGroup section */
		79D57D8E24B38BFD00BE9FAD /* LaunchScreen.storyboard */ = {
			isa = PBXVariantGroup;
			children = (
				79D57D8F24B38BFD00BE9FAD /* Base */,
			);
			name = LaunchScreen.storyboard;
			sourceTree = "<group>";
		};
/* End PBXVariantGroup section */

/* Begin XCBuildConfiguration section */
		79D57D9224B38BFD00BE9FAD /* Debug */ = {
			isa = XCBuildConfiguration;
			buildSettings = {
				ALWAYS_SEARCH_USER_PATHS = NO;
				CLANG_ANALYZER_NONNULL = YES;
				CLANG_ANALYZER_NUMBER_OBJECT_CONVERSION = YES_AGGRESSIVE;
				CLANG_CXX_LANGUAGE_STANDARD = "gnu++14";
				CLANG_CXX_LIBRARY = "libc++";
				CLANG_ENABLE_MODULES = YES;
				CLANG_ENABLE_OBJC_ARC = YES;
				CLANG_ENABLE_OBJC_WEAK = YES;
				CLANG_WARN_BLOCK_CAPTURE_AUTORELEASING = YES;
				CLANG_WARN_BOOL_CONVERSION = YES;
				CLANG_WARN_COMMA = YES;
				CLANG_WARN_CONSTANT_CONVERSION = YES;
				CLANG_WARN_DEPRECATED_OBJC_IMPLEMENTATIONS = YES;
				CLANG_WARN_DIRECT_OBJC_ISA_USAGE = YES_ERROR;
				CLANG_WARN_DOCUMENTATION_COMMENTS = YES;
				CLANG_WARN_EMPTY_BODY = YES;
				CLANG_WARN_ENUM_CONVERSION = YES;
				CLANG_WARN_INFINITE_RECURSION = YES;
				CLANG_WARN_INT_CONVERSION = YES;
				CLANG_WARN_NON_LITERAL_NULL_CONVERSION = YES;
				CLANG_WARN_OBJC_IMPLICIT_RETAIN_SELF = YES;
				CLANG_WARN_OBJC_LITERAL_CONVERSION = YES;
				CLANG_WARN_OBJC_ROOT_CLASS = YES_ERROR;
				CLANG_WARN_RANGE_LOOP_ANALYSIS = YES;
				CLANG_WARN_STRICT_PROTOTYPES = YES;
				CLANG_WARN_SUSPICIOUS_MOVE = YES;
				CLANG_WARN_UNGUARDED_AVAILABILITY = YES_AGGRESSIVE;
				CLANG_WARN_UNREACHABLE_CODE = YES;
				CLANG_WARN__DUPLICATE_METHOD_MATCH = YES;
				COPY_PHASE_STRIP = NO;
				DEBUG_INFORMATION_FORMAT = dwarf;
				ENABLE_STRICT_OBJC_MSGSEND = YES;
				ENABLE_TESTABILITY = YES;
				GCC_C_LANGUAGE_STANDARD = gnu11;
				GCC_DYNAMIC_NO_PIC = NO;
				GCC_NO_COMMON_BLOCKS = YES;
				GCC_OPTIMIZATION_LEVEL = 0;
				GCC_PREPROCESSOR_DEFINITIONS = (
					"DEBUG=1",
					"$(inherited)",
				);
				GCC_WARN_64_TO_32_BIT_CONVERSION = YES;
				GCC_WARN_ABOUT_RETURN_TYPE = YES_ERROR;
				GCC_WARN_UNDECLARED_SELECTOR = YES;
				GCC_WARN_UNINITIALIZED_AUTOS = YES_AGGRESSIVE;
				GCC_WARN_UNUSED_FUNCTION = YES;
				GCC_WARN_UNUSED_VARIABLE = YES;
				IPHONEOS_DEPLOYMENT_TARGET = 13.2;
				MTL_ENABLE_DEBUG_INFO = INCLUDE_SOURCE;
				MTL_FAST_MATH = YES;
				ONLY_ACTIVE_ARCH = YES;
				SDKROOT = iphoneos;
				SWIFT_ACTIVE_COMPILATION_CONDITIONS = DEBUG;
				SWIFT_OPTIMIZATION_LEVEL = "-Onone";
			};
			name = Debug;
		};
		79D57D9324B38BFD00BE9FAD /* Release */ = {
			isa = XCBuildConfiguration;
			buildSettings = {
				ALWAYS_SEARCH_USER_PATHS = NO;
				CLANG_ANALYZER_NONNULL = YES;
				CLANG_ANALYZER_NUMBER_OBJECT_CONVERSION = YES_AGGRESSIVE;
				CLANG_CXX_LANGUAGE_STANDARD = "gnu++14";
				CLANG_CXX_LIBRARY = "libc++";
				CLANG_ENABLE_MODULES = YES;
				CLANG_ENABLE_OBJC_ARC = YES;
				CLANG_ENABLE_OBJC_WEAK = YES;
				CLANG_WARN_BLOCK_CAPTURE_AUTORELEASING = YES;
				CLANG_WARN_BOOL_CONVERSION = YES;
				CLANG_WARN_COMMA = YES;
				CLANG_WARN_CONSTANT_CONVERSION = YES;
				CLANG_WARN_DEPRECATED_OBJC_IMPLEMENTATIONS = YES;
				CLANG_WARN_DIRECT_OBJC_ISA_USAGE = YES_ERROR;
				CLANG_WARN_DOCUMENTATION_COMMENTS = YES;
				CLANG_WARN_EMPTY_BODY = YES;
				CLANG_WARN_ENUM_CONVERSION = YES;
				CLANG_WARN_INFINITE_RECURSION = YES;
				CLANG_WARN_INT_CONVERSION = YES;
				CLANG_WARN_NON_LITERAL_NULL_CONVERSION = YES;
				CLANG_WARN_OBJC_IMPLICIT_RETAIN_SELF = YES;
				CLANG_WARN_OBJC_LITERAL_CONVERSION = YES;
				CLANG_WARN_OBJC_ROOT_CLASS = YES_ERROR;
				CLANG_WARN_RANGE_LOOP_ANALYSIS = YES;
				CLANG_WARN_STRICT_PROTOTYPES = YES;
				CLANG_WARN_SUSPICIOUS_MOVE = YES;
				CLANG_WARN_UNGUARDED_AVAILABILITY = YES_AGGRESSIVE;
				CLANG_WARN_UNREACHABLE_CODE = YES;
				CLANG_WARN__DUPLICATE_METHOD_MATCH = YES;
				COPY_PHASE_STRIP = NO;
				DEBUG_INFORMATION_FORMAT = "dwarf-with-dsym";
				ENABLE_NS_ASSERTIONS = NO;
				ENABLE_STRICT_OBJC_MSGSEND = YES;
				GCC_C_LANGUAGE_STANDARD = gnu11;
				GCC_NO_COMMON_BLOCKS = YES;
				GCC_WARN_64_TO_32_BIT_CONVERSION = YES;
				GCC_WARN_ABOUT_RETURN_TYPE = YES_ERROR;
				GCC_WARN_UNDECLARED_SELECTOR = YES;
				GCC_WARN_UNINITIALIZED_AUTOS = YES_AGGRESSIVE;
				GCC_WARN_UNUSED_FUNCTION = YES;
				GCC_WARN_UNUSED_VARIABLE = YES;
				IPHONEOS_DEPLOYMENT_TARGET = 13.2;
				MTL_ENABLE_DEBUG_INFO = NO;
				MTL_FAST_MATH = YES;
				SDKROOT = iphoneos;
				SWIFT_COMPILATION_MODE = wholemodule;
				SWIFT_OPTIMIZATION_LEVEL = "-O";
				VALIDATE_PRODUCT = YES;
			};
			name = Release;
		};
		79D57D9524B38BFD00BE9FAD /* Debug */ = {
			isa = XCBuildConfiguration;
			buildSettings = {
				ASSETCATALOG_COMPILER_APPICON_NAME = AppIcon;
				CODE_SIGN_STYLE = Automatic;
				DEVELOPMENT_ASSET_PATHS = "\"Balance/Preview Content\"";
				DEVELOPMENT_TEAM = RA9SY3QH49;
				ENABLE_PREVIEWS = YES;
				INFOPLIST_FILE = Balance/Info.plist;
				LD_RUNPATH_SEARCH_PATHS = (
					"$(inherited)",
					"@executable_path/Frameworks",
				);
				PRODUCT_BUNDLE_IDENTIFIER = hannah.Balance;
				PRODUCT_NAME = "$(TARGET_NAME)";
				SWIFT_VERSION = 5.0;
				TARGETED_DEVICE_FAMILY = "1,2";
			};
			name = Debug;
		};
		79D57D9624B38BFD00BE9FAD /* Release */ = {
			isa = XCBuildConfiguration;
			buildSettings = {
				ASSETCATALOG_COMPILER_APPICON_NAME = AppIcon;
				CODE_SIGN_STYLE = Automatic;
				DEVELOPMENT_ASSET_PATHS = "\"Balance/Preview Content\"";
				DEVELOPMENT_TEAM = RA9SY3QH49;
				ENABLE_PREVIEWS = YES;
				INFOPLIST_FILE = Balance/Info.plist;
				LD_RUNPATH_SEARCH_PATHS = (
					"$(inherited)",
					"@executable_path/Frameworks",
				);
				PRODUCT_BUNDLE_IDENTIFIER = hannah.Balance;
				PRODUCT_NAME = "$(TARGET_NAME)";
				SWIFT_VERSION = 5.0;
				TARGETED_DEVICE_FAMILY = "1,2";
			};
			name = Release;
		};
/* End XCBuildConfiguration section */

/* Begin XCConfigurationList section */
		79D57D7B24B38BFC00BE9FAD /* Build configuration list for PBXProject "Balance" */ = {
			isa = XCConfigurationList;
			buildConfigurations = (
				79D57D9224B38BFD00BE9FAD /* Debug */,
				79D57D9324B38BFD00BE9FAD /* Release */,
			);
			defaultConfigurationIsVisible = 0;
			defaultConfigurationName = Release;
		};
		79D57D9424B38BFD00BE9FAD /* Build configuration list for PBXNativeTarget "Balance" */ = {
			isa = XCConfigurationList;
			buildConfigurations = (
				79D57D9524B38BFD00BE9FAD /* Debug */,
				79D57D9624B38BFD00BE9FAD /* Release */,
			);
			defaultConfigurationIsVisible = 0;
			defaultConfigurationName = Release;
		};
/* End XCConfigurationList section */
	};
	rootObject = 79D57D7824B38BFC00BE9FAD /* Project object */;
}
